
Microsoft Visual Studio Solution File, Format Version 12.00
# Visual Studio Version 16
VisualStudioVersion = 16.0.30621.155
MinimumVisualStudioVersion = 10.0.40219.1
Project("{FAE04EC0-301F-11D3-BF4B-00C04F79EFBC}") = "eZWin", "eZWin\eZWin.csproj", "{13AB18A7-D1BE-45D4-82D4-76BC1996A720}"
EndProject
Project("{FAE04EC0-301F-11D3-BF4B-00C04F79EFBC}") = "eZWinWeb", "eZWinWeb\eZWinWeb.csproj", "{49ECA281-DD4F-4E03-9851-CAF1A6399A83}"
EndProject
Global
	GlobalSection(SolutionConfigurationPlatforms) = preSolution
		Debug|Any CPU = Debug|Any CPU
		Release|Any CPU = Release|Any CPU
	EndGlobalSection
	GlobalSection(ProjectConfigurationPlatforms) = postSolution
		{13AB18A7-D1BE-45D4-82D4-76BC1996A720}.Debug|Any CPU.ActiveCfg = Debug|Any CPU
		{13AB18A7-D1BE-45D4-82D4-76BC1996A720}.Debug|Any CPU.Build.0 = Debug|Any CPU
		{13AB18A7-D1BE-45D4-82D4-76BC1996A720}.Debug|Any CPU.Deploy.0 = Debug|Any CPU
		{13AB18A7-D1BE-45D4-82D4-76BC1996A720}.Release|Any CPU.ActiveCfg = Release|Any CPU
		{13AB18A7-D1BE-45D4-82D4-76BC1996A720}.Release|Any CPU.Build.0 = Release|Any CPU
		{13AB18A7-D1BE-45D4-82D4-76BC1996A720}.Release|Any CPU.Deploy.0 = Release|Any CPU
		{49ECA281-DD4F-4E03-9851-CAF1A6399A83}.Debug|Any CPU.ActiveCfg = Debug|Any CPU
		{49ECA281-DD4F-4E03-9851-CAF1A6399A83}.Debug|Any CPU.Build.0 = Debug|Any CPU
		{49ECA281-DD4F-4E03-9851-CAF1A6399A83}.Release|Any CPU.ActiveCfg = Release|Any CPU
		{49ECA281-DD4F-4E03-9851-CAF1A6399A83}.Release|Any CPU.Build.0 = Release|Any CPU
	EndGlobalSection
	GlobalSection(SolutionProperties) = preSolution
		HideSolutionNode = FALSE
	EndGlobalSection
	GlobalSection(ExtensibilityGlobals) = postSolution
		SolutionGuid = {99EABAC0-2170-40A7-BBB9-781682FF8F72}
	EndGlobalSection
EndGlobal
